{
  "name": "@openstarry/workbench",
  "version": "1.0.0",
  "lockfileVersion": 3,
  "requires": true,
  "packages": {
    "": {
      "name": "@openstarry/workbench",
      "version": "1.0.0",
      "dependencies": {
        "@codemirror/lang-css": "^6.3.1",
        "@codemirror/lang-html": "^6.4.9",
        "@codemirror/lang-java": "^6.0.2",
        "@codemirror/lang-javascript": "^6.2.4",
        "@codemirror/lang-json": "^6.0.2",
        "@codemirror/lang-markdown": "^6.5.0",
        "@codemirror/lang-python": "^6.2.1",
        "@codemirror/merge": "^6.11.2",
        "@codemirror/theme-one-dark": "^6.1.3",
        "codemirror": "^6.0.2",
        "diff": "^8.0.2",
        "fflate": "^0.8.2",
        "markdown-it": "^15.0.2"
      },
      "devDependencies": {
        "fake-indexeddb": "^6.2.5"
      }
    },
    "node_modules/@codemirror/autocomplete": {
      "version": "6.20.3",
      "resolved": "https://registry.npmjs.org/@codemirror/autocomplete/-/autocomplete-6.20.3.tgz",
      "integrity": "sha512-tlosUqb+3BbxCxZdu4tKeRghPFC+QM7q4X5YhKV2eCmPG+1r2F3f4AaSz5sCrFqUtX4Jh20VFTKecl16MgiV9g==",
      "license": "MIT",
      "dependencies": {
        "@codemirror/language": "^6.0.0",
        "@codemirror/state": "^6.0.0",
        "@codemirror/view": "^6.17.0",
        "@lezer/common": "^1.0.0"
      }
    },
    "node_modules/@codemirror/commands": {
      "version": "6.11.1",
      "resolved": "https://registry.npmjs.org/@codemirror/commands/-/commands-6.11.1.tgz",
      "integrity": "sha512-O/4hG3SC1YwcmQ0d2UVNDs+AsaNWd1iHVxbTeEBuqH+6bExAiPK3iS/BvpY6rZGURALv4ZD3sIgcCmRvw3ehBg==",
      "license": "MIT",
      "dependencies": {
        "@codemirror/language": "^6.0.0",
        "@codemirror/state": "^6.7.0",
        "@codemirror/view": "^6.27.0",
        "@lezer/common": "^1.1.0"
      }
    },
    "node_modules/@codemirror/lang-css": {
      "version": "6.3.1",
      "resolved": "https://registry.npmjs.org/@codemirror/lang-css/-/lang-css-6.3.1.tgz",
      "integrity": "sha512-kr5fwBGiGtmz6l0LSJIbno9QrifNMUusivHbnA1H6Dmqy4HZFte3UAICix1VuKo0lMPKQr2rqB+0BkKi/S3Ejg==",
      "license": "MIT",
      "dependencies": {
        "@codemirror/autocomplete": "^6.0.0",
        "@codemirror/language": "^6.0.0",
        "@codemirror/state": "^6.0.0",
        "@lezer/common": "^1.0.2",
        "@lezer/css": "^1.1.7"
      }
    },
    "node_modules/@codemirror/lang-html": {
      "version": "6.4.12",
      "resolved": "https://registry.npmjs.org/@codemirror/lang-html/-/lang-html-6.4.12.tgz",
      "integrity": "sha512-pw2ReWKUqSkbvh76RAT4NYxiogRu+PWkR2ukAwO9uOgrm8uipkzjtKKtNpyeAQwHOqxEeSvAXZ6vr3AfyB9y/w==",
      "license": "MIT",
      "dependencies": {
        "@codemirror/autocomplete": "^6.0.0",
        "@codemirror/lang-css": "^6.0.0",
        "@codemirror/lang-javascript": "^6.0.0",
        "@codemirror/language": "^6.4.0",
        "@codemirror/state": "^6.0.0",
        "@codemirror/view": "^6.17.0",
        "@lezer/common": "^1.0.0",
        "@lezer/css": "^1.1.0",
        "@lezer/html": "^1.3.12"
      }
    },
    "node_modules/@codemirror/lang-java": {
      "version": "6.0.2",
      "resolved": "https://registry.npmjs.org/@codemirror/lang-java/-/lang-java-6.0.2.tgz",
      "integrity": "sha512-m5Nt1mQ/cznJY7tMfQTJchmrjdjQ71IDs+55d1GAa8DGaB8JXWsVCkVT284C3RTASaY43YknrK2X3hPO/J3MOQ==",
      "license": "MIT",
      "dependencies": {
        "@codemirror/language": "^6.0.0",
        "@lezer/java": "^1.0.0"
      }
    },
    "node_modules/@codemirror/lang-javascript": {
      "version": "6.2.5",
      "resolved": "https://registry.npmjs.org/@codemirror/lang-javascript/-/lang-javascript-6.2.5.tgz",
      "integrity": "sha512-zD4e5mS+50htS7F+TYjBPsiIFGanfVqg4HyUz6WNFikgOPf2BgKlx+TQedI1w6n/IqRBVBbBWmGFdLB/7uxO4A==",
      "license": "MIT",
      "dependencies": {
        "@codemirror/autocomplete": "^6.0.0",
        "@codemirror/language": "^6.6.0",
        "@codemirror/lint": "^6.0.0",
        "@codemirror/state": "^6.0.0",
        "@codemirror/view": "^6.17.0",
        "@lezer/common": "^1.0.0",
        "@lezer/javascript": "^1.0.0"
      }
    },
    "node_modules/@codemirror/lang-json": {
      "version": "6.0.2",
      "resolved": "https://registry.npmjs.org/@codemirror/lang-json/-/lang-json-6.0.2.tgz",
      "integrity": "sha512-x2OtO+AvwEHrEwR0FyyPtfDUiloG3rnVTSZV1W8UteaLL8/MajQd8DpvUb2YVzC+/T18aSDv0H9mu+xw0EStoQ==",
      "license": "MIT",
      "dependencies": {
        "@codemirror/language": "^6.0.0",
        "@lezer/json": "^1.0.0"
      }
    },
    "node_modules/@codemirror/lang-markdown": {
      "version": "6.5.2",
      "resolved": "https://registry.npmjs.org/@codemirror/lang-markdown/-/lang-markdown-6.5.2.tgz",
      "integrity": "sha512-AwBOdkWYuA//WcM0xO5PfHPUcmz/O2i5o0Nsg1U69SII/loCJlFI1Romd9xp2HYb1kYJRGZotyqRghuHH5n8Kw==",
      "license": "MIT",
      "dependencies": {
        "@codemirror/autocomplete": "^6.7.1",
        "@codemirror/lang-html": "^6.0.0",
        "@codemirror/language": "^6.3.0",
        "@codemirror/state": "^6.0.0",
        "@codemirror/view": "^6.0.0",
        "@lezer/common": "^1.2.1",
        "@lezer/markdown": "^1.0.0"
      }
    },
    "node_modules/@codemirror/lang-python": {
      "version": "6.2.1",
      "resolved": "https://registry.npmjs.org/@codemirror/lang-python/-/lang-python-6.2.1.tgz",
      "integrity": "sha512-IRjC8RUBhn9mGR9ywecNhB51yePWCGgvHfY1lWN/Mrp3cKuHr0isDKia+9HnvhiWNnMpbGhWrkhuWOc09exRyw==",
      "license": "MIT",
      "dependencies": {
        "@codemirror/autocomplete": "^6.3.2",
        "@codemirror/language": "^6.8.0",
        "@codemirror/state": "^6.0.0",
        "@lezer/common": "^1.2.1",
        "@lezer/python": "^1.1.4"
      }
    },
    "node_modules/@codemirror/language": {
      "version": "6.12.4",
      "resolved": "https://registry.npmjs.org/@codemirror/language/-/language-6.12.4.tgz",
      "integrity": "sha512-1q4PaT+o6PbgpkJt4Q8Fv5XJxTy4FUZ4MWETtyiDw3J0Pyr9E2vqcKL+k9wcvjNTIsauxvE7OfmWj3FRPHQ76A==",
      "license": "MIT",
      "dependencies": {
        "@codemirror/state": "^6.0.0",
        "@codemirror/view": "^6.23.0",
        "@lezer/common": "^1.5.0",
        "@lezer/highlight": "^1.0.0",
        "@lezer/lr": "^1.0.0",
        "style-mod": "^4.0.0"
      }
    },
    "node_modules/@codemirror/lint": {
      "version": "6.9.7",
      "resolved": "https://registry.npmjs.org/@codemirror/lint/-/lint-6.9.7.tgz",
      "integrity": "sha512-28/+iWLYxKxsvGYhSYL7zaCZqLz5+FFFDq9tVsvGv9kv8RY4fFAchJ5WX9M3YrrRlTIsECjsXPqeNgnSmNP2dg==",
      "license": "MIT",
      "dependencies": {
        "@codemirror/state": "^6.0.0",
        "@codemirror/view": "^6.42.0",
        "crelt": "^1.0.5"
      }
    },
    "node_modules/@codemirror/merge": {
      "version": "6.12.2",
      "resolved": "https://registry.npmjs.org/@codemirror/merge/-/merge-6.12.2.tgz",
      "integrity": "sha512-V8JvyAPjHbPupqP7BeMcsdsYCbyPij74jxIbaIJDORI+VZzW44zFmon8bF+oxGWvOKhcRmkiUMXd8MxHr3YA2w==",
      "license": "MIT",
      "dependencies": {
        "@codemirror/language": "^6.0.0",
        "@codemirror/state": "^6.0.0",
        "@codemirror/view": "^6.17.0",
        "@lezer/highlight": "^1.0.0",
        "style-mod": "^4.1.0"
      }
    },
    "node_modules/@codemirror/search": {
      "version": "6.7.2",
      "resolved": "https://registry.npmjs.org/@codemirror/search/-/search-6.7.2.tgz",
      "integrity": "sha512-gUYkYhT2+n/+VGZ+8EzE5WFkYZUZYm1VOKDudIsNqh42uRVQJ0a6Yss9sdKT3MeOYfuL1N6AZA57oza0Oyr0LA==",
      "license": "MIT",
      "dependencies": {
        "@codemirror/state": "^6.0.0",
        "@codemirror/view": "^6.37.0",
        "crelt": "^1.0.5"
      }
    },
    "node_modules/@codemirror/state": {
      "version": "6.7.5",
      "resolved": "https://registry.npmjs.org/@codemirror/state/-/state-6.7.5.tgz",
      "integrity": "sha512-QjLbZmY1Au3JiRrDVYFLRD0BZ3SOKS9pR3yjIkd7u27YY8TFD9/Q9fhPnLV5l1mHFSo3hHU/N31vpwEJOx4owQ==",
      "license": "MIT",
      "dependencies": {
        "@marijn/find-cluster-break": "^1.0.0"
      }
    },
    "node_modules/@codemirror/theme-one-dark": {
      "version": "6.1.3",
      "resolved": "https://registry.npmjs.org/@codemirror/theme-one-dark/-/theme-one-dark-6.1.3.tgz",
      "integrity": "sha512-NzBdIvEJmx6fjeremiGp3t/okrLPYT0d9orIc7AFun8oZcRk58aejkqhv6spnz4MLAevrKNPMQYXEWMg4s+sKA==",
      "license": "MIT",
      "dependencies": {
        "@codemirror/language": "^6.0.0",
        "@codemirror/state": "^6.0.0",
        "@codemirror/view": "^6.0.0",
        "@lezer/highlight": "^1.0.0"
      }
    },
    "node_modules/@codemirror/view": {
      "version": "6.43.12",
      "resolved": "https://registry.npmjs.org/@codemirror/view/-/view-6.43.12.tgz",
      "integrity": "sha512-Nv0vxQ19NAqvB/c2pFzjIzFlzzJl7jmdtNkwOwGbn0Ks9mFAzibvumz7cQem5cRsFA2cEw2fg+uHZGbcHupLQQ==",
      "license": "MIT",
      "dependencies": {
        "@codemirror/state": "^6.7.0",
        "crelt": "^1.0.6",
        "style-mod": "^4.1.0",
        "w3c-keyname": "^2.2.4"
      }
    },
    "node_modules/@lezer/common": {
      "version": "1.5.2",
      "resolved": "https://registry.npmjs.org/@lezer/common/-/common-1.5.2.tgz",
      "integrity": "sha512-sxQE460fPZyU3sdc8lafxiPwJHBzZRy/udNFynGQky1SePYBdhkBl1kOagA9uT3pxR8K09bOrmTUqA9wb/PjSQ==",
      "license": "MIT"
    },
    "node_modules/@lezer/css": {
      "version": "1.3.6",
      "resolved": "https://registry.npmjs.org/@lezer/css/-/css-1.3.6.tgz",
      "integrity": "sha512-YJE78Wcg+zX8f10hiHWQ4Az48Qr/c13eId0VtRQYLBpxHDmDeSrXIlkbl+fJGW42rWC/uoUco9mhBZeVWP/A1g==",
      "license": "MIT",
      "dependencies": {
        "@lezer/common": "^1.2.0",
        "@lezer/highlight": "^1.0.0",
        "@lezer/lr": "^1.3.0"
      }
    },
    "node_modules/@lezer/highlight": {
      "version": "1.2.3",
      "resolved": "https://registry.npmjs.org/@lezer/highlight/-/highlight-1.2.3.tgz",
      "integrity": "sha512-qXdH7UqTvGfdVBINrgKhDsVTJTxactNNxLk7+UMwZhU13lMHaOBlJe9Vqp907ya56Y3+ed2tlqzys7jDkTmW0g==",
      "license": "MIT",
      "dependencies": {
        "@lezer/common": "^1.3.0"
      }
    },
    "node_modules/@lezer/html": {
      "version": "1.3.13",
      "resolved": "https://registry.npmjs.org/@lezer/html/-/html-1.3.13.tgz",
      "integrity": "sha512-oI7n6NJml729m7pjm9lvLvmXbdoMoi2f+1pwSDJkl9d68zGr7a9Btz8NdHTGQZtW2DA25ybeuv/SyDb9D5tseg==",
      "license": "MIT",
      "dependencies": {
        "@lezer/common": "^1.2.0",
        "@lezer/highlight": "^1.0.0",
        "@lezer/lr": "^1.0.0"
      }
    },
    "node_modules/@lezer/java": {
      "version": "1.1.4",
      "resolved": "https://registry.npmjs.org/@lezer/java/-/java-1.1.4.tgz",
      "integrity": "sha512-gQylJ2xHV2xXsVqtnAcJrcROvLZJaQiC0tR//+q0k961BxqvyYttusPkJ8d9T1fPDJKHJW2etUH8XbIn9jhVUg==",
      "license": "MIT",
      "dependencies": {
        "@lezer/common": "^1.2.0",
        "@lezer/highlight": "^1.0.0",
        "@lezer/lr": "^1.0.0"
      }
    },
    "node_modules/@lezer/javascript": {
      "version": "1.5.4",
      "resolved": "https://registry.npmjs.org/@lezer/javascript/-/javascript-1.5.4.tgz",
      "integrity": "sha512-vvYx3MhWqeZtGPwDStM2dwgljd5smolYD2lR2UyFcHfxbBQebqx8yjmFmxtJ/E6nN6u1D9srOiVWm3Rb4tmcUA==",
      "license": "MIT",
      "dependencies": {
        "@lezer/common": "^1.2.0",
        "@lezer/highlight": "^1.1.3",
        "@lezer/lr": "^1.3.0"
      }
    },
    "node_modules/@lezer/json": {
      "version": "1.0.3",
      "resolved": "https://registry.npmjs.org/@lezer/json/-/json-1.0.3.tgz",
      "integrity": "sha512-BP9KzdF9Y35PDpv04r0VeSTKDeox5vVr3efE7eBbx3r4s3oNLfunchejZhjArmeieBH+nVOpgIiBJpEAv8ilqQ==",
      "license": "MIT",
      "dependencies": {
        "@lezer/common": "^1.2.0",
        "@lezer/highlight": "^1.0.0",
        "@lezer/lr": "^1.0.0"
      }
    },
    "node_modules/@lezer/lr": {
      "version": "1.4.10",
      "resolved": "https://registry.npmjs.org/@lezer/lr/-/lr-1.4.10.tgz",
      "integrity": "sha512-rnCpTIBafOx4mRp43xOxDJbFipJm/c0cia/V5TiGlhmMa+wsSdoGmUN3w5Bqrks/09Q/D4tNAmWaT8p6NRi77A==",
      "license": "MIT",
      "dependencies": {
        "@lezer/common": "^1.0.0"
      }
    },
    "node_modules/@lezer/markdown": {
      "version": "1.7.2",
      "resolved": "https://registry.npmjs.org/@lezer/markdown/-/markdown-1.7.2.tgz",
      "integrity": "sha512-iTkYvoVcKt3WkeL7qUDyXHONZEwLio4wj8KTNi2dnjQEXBZKMV63BpQrPqfsM+OkvuRbiSTAcycYAsQzLhRNoQ==",
      "license": "MIT",
      "dependencies": {
        "@lezer/common": "^1.5.0",
        "@lezer/highlight": "^1.0.0"
      }
    },
    "node_modules/@lezer/python": {
      "version": "1.1.19",
      "resolved": "https://registry.npmjs.org/@lezer/python/-/python-1.1.19.tgz",
      "integrity": "sha512-MhQIURHRytsNzP/YXnqpYKW6la6voAH3kyplTOOiCdjyFY6cWWGFVmYVdHIPrElqSDf4iCDktQCockB9FxuhzQ==",
      "license": "MIT",
      "dependencies": {
        "@lezer/common": "^1.2.0",
        "@lezer/highlight": "^1.0.0",
        "@lezer/lr": "^1.0.0"
      }
    },
    "node_modules/@marijn/find-cluster-break": {
      "version": "1.0.4",
      "resolved": "https://registry.npmjs.org/@marijn/find-cluster-break/-/find-cluster-break-1.0.4.tgz",
      "integrity": "sha512-Wy0V7+SGUjnF9/TkiM1hKVDPj7jKXduPNboMVtHTA8dySMURWqfg/JZ9E2Sq8JgSJmkl7k7Qe9FLeMSrSraWmQ==",
      "license": "MIT"
    },
    "node_modules/argparse": {
      "version": "3.0.2",
      "resolved": "https://registry.npmjs.org/argparse/-/argparse-3.0.2.tgz",
      "integrity": "sha512-mFdDM6WqWKraGLsVb+C9CahPnzTXOefAOLq3jYcca2YZ8bEWpr++Tzj+zSaKW9+X9L5uSxcm1AZ3Y6aZJ09OhQ==",
      "funding": [
        {
          "type": "github",
          "url": "https://github.com/sponsors/puzrin"
        },
        {
          "type": "github",
          "url": "https://github.com/sponsors/nodeca"
        }
      ],
      "license": "PSF-2.0"
    },
    "node_modules/codemirror": {
      "version": "6.0.2",
      "resolved": "https://registry.npmjs.org/codemirror/-/codemirror-6.0.2.tgz",
      "integrity": "sha512-VhydHotNW5w1UGK0Qj96BwSk/Zqbp9WbnyK2W/eVMv4QyF41INRGpjUhFJY7/uDNuudSc33a/PKr4iDqRduvHw==",
      "license": "MIT",
      "dependencies": {
        "@codemirror/autocomplete": "^6.0.0",
        "@codemirror/commands": "^6.0.0",
        "@codemirror/language": "^6.0.0",
        "@codemirror/lint": "^6.0.0",
        "@codemirror/search": "^6.0.0",
        "@codemirror/state": "^6.0.0",
        "@codemirror/view": "^6.0.0"
      }
    },
    "node_modules/crelt": {
      "version": "1.0.7",
      "resolved": "https://registry.npmjs.org/crelt/-/crelt-1.0.7.tgz",
      "integrity": "sha512-aK6BbWfhf4U/wCcLHKPJl/xa6VkVstRaPywWtMKGwuOLc/wZTyQYuoxgvZnNsBvv7Kg3YTBQYYBCggcviQczuA==",
      "license": "MIT"
    },
    "node_modules/diff": {
      "version": "8.0.4",
      "resolved": "https://registry.npmjs.org/diff/-/diff-8.0.4.tgz",
      "integrity": "sha512-DPi0FmjiSU5EvQV0++GFDOJ9ASQUVFh5kD+OzOnYdi7n3Wpm9hWWGfB/O2blfHcMVTL5WkQXSnRiK9makhrcnw==",
      "license": "BSD-3-Clause",
      "engines": {
        "node": ">=0.3.1"
      }
    },
    "node_modules/entities": {
      "version": "8.1.0",
      "resolved": "https://registry.npmjs.org/entities/-/entities-8.1.0.tgz",
      "integrity": "sha512-kxL7msIffSuh9aaFAMD7rxAIuTRMAHMeBtgHW2yUdWw732ZNh4MehkF2gdjvtdmikkaIP9bFDDJOPlsvm7avrA==",
      "license": "BSD-2-Clause",
      "engines": {
        "node": ">=20.19.0"
      },
      "funding": {
        "url": "https://github.com/fb55/entities?sponsor=1"
      }
    },
    "node_modules/fake-indexeddb": {
      "version": "6.2.5",
      "resolved": "https://registry.npmjs.org/fake-indexeddb/-/fake-indexeddb-6.2.5.tgz",
      "integrity": "sha512-CGnyrvbhPlWYMngksqrSSUT1BAVP49dZocrHuK0SvtR0D5TMs5wP0o3j7jexDJW01KSadjBp1M/71o/KR3nD1w==",
      "dev": true,
      "license": "Apache-2.0",
      "engines": {
        "node": ">=18"
      }
    },
    "node_modules/fflate": {
      "version": "0.8.3",
      "resolved": "https://registry.npmjs.org/fflate/-/fflate-0.8.3.tgz",
      "integrity": "sha512-tbZNuJrLwGUp3zshBtdy4W+ORxZuIh8a5ilyIEQDC5rY1f3U20JMry0Ll3WBzU58EZKsEuJFXhb5gwv8CsPvgA==",
      "license": "MIT"
    },
    "node_modules/linkify-it": {
      "version": "6.1.0",
      "resolved": "https://registry.npmjs.org/linkify-it/-/linkify-it-6.1.0.tgz",
      "integrity": "sha512-wJ/TwpSDTLepCrQoYWYIExIKg5Zchex2Nn5yk2mFnB+6PtdkHtyLx742md9csRjjOnGkKIS/RrbY7l8D6gT9Vw==",
      "funding": [
        {
          "type": "github",
          "url": "https://github.com/sponsors/puzrin"
        },
        {
          "type": "github",
          "url": "https://github.com/sponsors/markdown-it"
        }
      ],
      "license": "MIT",
      "dependencies": {
        "uc.micro": "^3.0.0"
      }
    },
    "node_modules/markdown-it": {
      "version": "15.0.2",
      "resolved": "https://registry.npmjs.org/markdown-it/-/markdown-it-15.0.2.tgz",
      "integrity": "sha512-q4IGxMv56jCqT4OCRCADBoDP3LO4MhmTXjFbphHPXs4g3j9Xg5RDnxqN8IF/3vIWEU+VCnUq+7JUg/cfy2E6Qw==",
      "funding": [
        {
          "type": "github",
          "url": "https://github.com/sponsors/puzrin"
        },
        {
          "type": "github",
          "url": "https://github.com/sponsors/markdown-it"
        }
      ],
      "license": "MIT",
      "dependencies": {
        "argparse": "^3.0.0",
        "entities": "^8.0.0",
        "linkify-it": "^6.0.0",
        "mdurl": "^2.1.0",
        "punycode.js": "^2.3.1",
        "uc.micro": "^3.0.0"
      },
      "bin": {
        "markdown-it": "bin/markdown-it.mjs"
      }
    },
    "node_modules/mdurl": {
      "version": "2.1.0",
      "resolved": "https://registry.npmjs.org/mdurl/-/mdurl-2.1.0.tgz",
      "integrity": "sha512-1+HBaOx0zi/dQWht8rNv9MYf9qqpqL/kxI0hXImU6Y547zM6Sni8BQibt7ifgMcYtQg41ao3Ivd6cnSM86inpg==",
      "license": "MIT"
    },
    "node_modules/punycode.js": {
      "version": "2.3.1",
      "resolved": "https://registry.npmjs.org/punycode.js/-/punycode.js-2.3.1.tgz",
      "integrity": "sha512-uxFIHU0YlHYhDQtV4R9J6a52SLx28BCjT+4ieh7IGbgwVJWO+km431c4yRlREUAsAmt/uMjQUyQHNEPf0M39CA==",
      "license": "MIT",
      "engines": {
        "node": ">=6"
      }
    },
    "node_modules/style-mod": {
      "version": "4.1.4",
      "resolved": "https://registry.npmjs.org/style-mod/-/style-mod-4.1.4.tgz",
      "integrity": "sha512-XXWIQt633/EpAFx8aZDOTjBzrCaGmhvEQlQo6MVPfa2OzO2cWo+4hV9h+6UkHYlXGfy+ODXKUdP7Pthmcu5ATw==",
      "license": "MIT"
    },
    "node_modules/uc.micro": {
      "version": "3.0.0",
      "resolved": "https://registry.npmjs.org/uc.micro/-/uc.micro-3.0.0.tgz",
      "integrity": "sha512-U3PppEkleoTnIfi8BozMx3yju3qc/L6SwqWo2Sw+54PX+PX0q9I+r1Um5HCmqD7n9VDX5/v3vQH/AjA6deDdtw==",
      "license": "MIT"
    },
    "node_modules/w3c-keyname": {
      "version": "2.2.8",
      "resolved": "https://registry.npmjs.org/w3c-keyname/-/w3c-keyname-2.2.8.tgz",
      "integrity": "sha512-dpojBhNsCNN7T82Tm7k26A6G9ML3NkhDsnw9n/eoxSRlVBB4CEtIQ/KTCLI2Fwf3ataSXRhYFkQi3SlnFwPvPQ==",
      "license": "MIT"
    }
  }
}
